<Solution>
  <Folder Name="/Apps/">
    <Project Path="SteelPans.WebApp/SteelPans.WebApp.csproj" Id="47265c80-146f-42b0-acf3-1e40c645081e" />
  </Folder>
  <Folder Name="/Shared/">
    <Project Path="SteelPans.Components/SteelPans.Components.csproj" Id="9e4df647-e2c9-4740-a604-a9cdd95a2c55" />
    <Project Path="SteelPans.Shared/SteelPans.Shared.csproj" Id="6134a7c3-8eb4-4316-a8d0-2c14222f5b5b" />
  </Folder>
</Solution>
