<Solution>
  <Project Path="SteelPans.EnsembleService/SteelPans.EnsembleService.csproj" Id="d9703dec-1fcd-4432-8952-bb4d7e871c62" />
  <Project Path="SteelPans.LeaderWebApp/SteelPans.LeaderWebApp.csproj" Id="47265c80-146f-42b0-acf3-1e40c645081e" />
  <Project Path="SteelPans.PracticeWebApp/SteelPans.PracticeWebApp.csproj" />
  <Project Path="SteelPans.Shared/SteelPans.Shared.csproj" Id="6134a7c3-8eb4-4316-a8d0-2c14222f5b5b" />
</Solution>
